
Microsoft Visual Studio Solution File, Format Version 12.00
# Visual Studio Version 16
VisualStudioVersion = 16.0.29215.179
MinimumVisualStudioVersion = 10.0.40219.1
Project("{FAE04EC0-301F-11D3-BF4B-00C04F79EFBC}") = "ProyectoProgra", "ProyectoProgra\ProyectoProgra.csproj", "{EA3D294A-73A6-4B04-B7D2-FA5A527805B5}"
EndProject
Global
	GlobalSection(SolutionConfigurationPlatforms) = preSolution
		Debug|Any CPU = Debug|Any CPU
		Release|Any CPU = Release|Any CPU
	EndGlobalSection
	GlobalSection(ProjectConfigurationPlatforms) = postSolution
		{EA3D294A-73A6-4B04-B7D2-FA5A527805B5}.Debug|Any CPU.ActiveCfg = Debug|Any CPU
		{EA3D294A-73A6-4B04-B7D2-FA5A527805B5}.Debug|Any CPU.Build.0 = Debug|Any CPU
		{EA3D294A-73A6-4B04-B7D2-FA5A527805B5}.Release|Any CPU.ActiveCfg = Release|Any CPU
		{EA3D294A-73A6-4B04-B7D2-FA5A527805B5}.Release|Any CPU.Build.0 = Release|Any CPU
	EndGlobalSection
	GlobalSection(SolutionProperties) = preSolution
		HideSolutionNode = FALSE
	EndGlobalSection
	GlobalSection(ExtensibilityGlobals) = postSolution
		SolutionGuid = {2B09FAF7-A2D6-4F66-B7C1-D3DD57911447}
	EndGlobalSection
EndGlobal
